
Microsoft Visual Studio Solution File, Format Version 12.00
# Visual Studio 15
VisualStudioVersion = 15.0.26124.0
MinimumVisualStudioVersion = 15.0.26124.0
Project("{F2A71F9B-5D33-465A-A702-920D77279786}") = "astar-search", "src\astar-search.fsproj", "{0C861AAA-61A2-4894-AC6F-783D4A5F2A0D}"
EndProject
Project("{F2A71F9B-5D33-465A-A702-920D77279786}") = "console-sample", "sample\console-sample.fsproj", "{4017D632-DF53-4518-8F58-F58F1FDBA571}"
EndProject
Global
	GlobalSection(SolutionConfigurationPlatforms) = preSolution
		Debug|Any CPU = Debug|Any CPU
		Debug|x64 = Debug|x64
		Debug|x86 = Debug|x86
		Release|Any CPU = Release|Any CPU
		Release|x64 = Release|x64
		Release|x86 = Release|x86
	EndGlobalSection
	GlobalSection(SolutionProperties) = preSolution
		HideSolutionNode = FALSE
	EndGlobalSection
	GlobalSection(ProjectConfigurationPlatforms) = postSolution
		{0C861AAA-61A2-4894-AC6F-783D4A5F2A0D}.Debug|Any CPU.ActiveCfg = Debug|Any CPU
		{0C861AAA-61A2-4894-AC6F-783D4A5F2A0D}.Debug|Any CPU.Build.0 = Debug|Any CPU
		{0C861AAA-61A2-4894-AC6F-783D4A5F2A0D}.Debug|x64.ActiveCfg = Debug|Any CPU
		{0C861AAA-61A2-4894-AC6F-783D4A5F2A0D}.Debug|x64.Build.0 = Debug|Any CPU
		{0C861AAA-61A2-4894-AC6F-783D4A5F2A0D}.Debug|x86.ActiveCfg = Debug|Any CPU
		{0C861AAA-61A2-4894-AC6F-783D4A5F2A0D}.Debug|x86.Build.0 = Debug|Any CPU
		{0C861AAA-61A2-4894-AC6F-783D4A5F2A0D}.Release|Any CPU.ActiveCfg = Release|Any CPU
		{0C861AAA-61A2-4894-AC6F-783D4A5F2A0D}.Release|Any CPU.Build.0 = Release|Any CPU
		{0C861AAA-61A2-4894-AC6F-783D4A5F2A0D}.Release|x64.ActiveCfg = Release|Any CPU
		{0C861AAA-61A2-4894-AC6F-783D4A5F2A0D}.Release|x64.Build.0 = Release|Any CPU
		{0C861AAA-61A2-4894-AC6F-783D4A5F2A0D}.Release|x86.ActiveCfg = Release|Any CPU
		{0C861AAA-61A2-4894-AC6F-783D4A5F2A0D}.Release|x86.Build.0 = Release|Any CPU
		{4017D632-DF53-4518-8F58-F58F1FDBA571}.Debug|Any CPU.ActiveCfg = Debug|Any CPU
		{4017D632-DF53-4518-8F58-F58F1FDBA571}.Debug|Any CPU.Build.0 = Debug|Any CPU
		{4017D632-DF53-4518-8F58-F58F1FDBA571}.Debug|x64.ActiveCfg = Debug|Any CPU
		{4017D632-DF53-4518-8F58-F58F1FDBA571}.Debug|x64.Build.0 = Debug|Any CPU
		{4017D632-DF53-4518-8F58-F58F1FDBA571}.Debug|x86.ActiveCfg = Debug|Any CPU
		{4017D632-DF53-4518-8F58-F58F1FDBA571}.Debug|x86.Build.0 = Debug|Any CPU
		{4017D632-DF53-4518-8F58-F58F1FDBA571}.Release|Any CPU.ActiveCfg = Release|Any CPU
		{4017D632-DF53-4518-8F58-F58F1FDBA571}.Release|Any CPU.Build.0 = Release|Any CPU
		{4017D632-DF53-4518-8F58-F58F1FDBA571}.Release|x64.ActiveCfg = Release|Any CPU
		{4017D632-DF53-4518-8F58-F58F1FDBA571}.Release|x64.Build.0 = Release|Any CPU
		{4017D632-DF53-4518-8F58-F58F1FDBA571}.Release|x86.ActiveCfg = Release|Any CPU
		{4017D632-DF53-4518-8F58-F58F1FDBA571}.Release|x86.Build.0 = Release|Any CPU
	EndGlobalSection
EndGlobal
